{
  "name": "BaseProject",
  "lockfileVersion": 2,
  "requires": true,
  "packages": {
    "": {
      "dependencies": {
        "@ckeditor/ckeditor5-build-decoupled-document": "^38.0.1",
        "@ckeditor/ckeditor5-html-embed": "^38.0.1",
        "@ckeditor/ckeditor5-upload": "^38.0.1"
      },
      "devDependencies": {
        "@ckeditor/ckeditor5-alignment": "^38.0.1",
        "@ckeditor/ckeditor5-build-multi-root": "^38.0.1"
      }
    },
    "node_modules/@ckeditor/ckeditor5-adapter-ckfinder": {
      "version": "38.0.1",
      "resolved": "https://registry.npmjs.org/@ckeditor/ckeditor5-adapter-ckfinder/-/ckeditor5-adapter-ckfinder-38.0.1.tgz",
      "integrity": "sha512-Fbey8GYfFjsBl0TmdK0uI3b7RmpQpngqjiLaryQxvzlBMn6wUl2xEeLSmZzX+BmKLHPuPatwRJP7SzFwUCSEyA==",
      "dependencies": {
        "ckeditor5": "^38.0.1"
      },
      "engines": {
        "node": ">=16.0.0",
        "npm": ">=5.7.1"
      }
    },
    "node_modules/@ckeditor/ckeditor5-alignment": {
      "version": "38.0.1",
      "resolved": "https://registry.npmjs.org/@ckeditor/ckeditor5-alignment/-/ckeditor5-alignment-38.0.1.tgz",
      "integrity": "sha512-0AIJh9ZNyy2KgjnQ0En28k+iu9NpYrE+X8zmdKkSlMIEIkeThDNs2WiLJxLf2nNoKh8euGGdfQyAggVDqcF5MQ==",
      "dependencies": {
        "ckeditor5": "^38.0.1"
      },
      "engines": {
        "node": ">=16.0.0",
        "npm": ">=5.7.1"
      }
    },
    "node_modules/@ckeditor/ckeditor5-autoformat": {
      "version": "38.0.1",
      "resolved": "https://registry.npmjs.org/@ckeditor/ckeditor5-autoformat/-/ckeditor5-autoformat-38.0.1.tgz",
      "integrity": "sha512-yNV4Nh9Ltrr21sVE0yYUCKZZgwHrR719PkbU0KtiZMfX9MmJcHCqql3k8K0akiPwePMjs9HzfdEYZfuonzPUzg==",
      "dependencies": {
        "ckeditor5": "^38.0.1"
      },
      "engines": {
        "node": ">=16.0.0",
        "npm": ">=5.7.1"
      }
    },
    "node_modules/@ckeditor/ckeditor5-basic-styles": {
      "version": "38.0.1",
      "resolved": "https://registry.npmjs.org/@ckeditor/ckeditor5-basic-styles/-/ckeditor5-basic-styles-38.0.1.tgz",
      "integrity": "sha512-y5K7nbCtpjkKuimRnUa4oq1Xk7rCUMDlW/HUJew3vYKnS0YVfVc4cxRdw/daI70iRN88tQrxsy+xr/4dzzQCHQ==",
      "dependencies": {
        "ckeditor5": "^38.0.1"
      },
      "engines": {
        "node": ">=16.0.0",
        "npm": ">=5.7.1"
      }
    },
    "node_modules/@ckeditor/ckeditor5-block-quote": {
      "version": "38.0.1",
      "resolved": "https://registry.npmjs.org/@ckeditor/ckeditor5-block-quote/-/ckeditor5-block-quote-38.0.1.tgz",
      "integrity": "sha512-UL2sPeivNJuE7GpuNi8kS0O+DPcWKnHrefR9KRGknM9/oBtZJYqbSRUFOzmivdKjPTAlkTzpQgeoj+Ki1rXY7g==",
      "dependencies": {
        "ckeditor5": "^38.0.1"
      },
      "engines": {
        "node": ">=16.0.0",
        "npm": ">=5.7.1"
      }
    },
    "node_modules/@ckeditor/ckeditor5-build-decoupled-document": {
      "version": "38.0.1",
      "resolved": "https://registry.npmjs.org/@ckeditor/ckeditor5-build-decoupled-document/-/ckeditor5-build-decoupled-document-38.0.1.tgz",
      "integrity": "sha512-cj8Ur94W9FwRdaN5LYaTlurxXz+YobREtva9xt1jm5h/JacjdrdKAWYZp1Kje/6jO0nvx2M7EJ8pUy4qjouowA==",
      "dependencies": {
        "@ckeditor/ckeditor5-adapter-ckfinder": "^38.0.1",
        "@ckeditor/ckeditor5-alignment": "^38.0.1",
        "@ckeditor/ckeditor5-autoformat": "^38.0.1",
        "@ckeditor/ckeditor5-basic-styles": "^38.0.1",
        "@ckeditor/ckeditor5-block-quote": "^38.0.1",
        "@ckeditor/ckeditor5-ckbox": "^38.0.1",
        "@ckeditor/ckeditor5-ckfinder": "^38.0.1",
        "@ckeditor/ckeditor5-cloud-services": "^38.0.1",
        "@ckeditor/ckeditor5-easy-image": "^38.0.1",
        "@ckeditor/ckeditor5-editor-decoupled": "^38.0.1",
        "@ckeditor/ckeditor5-essentials": "^38.0.1",
        "@ckeditor/ckeditor5-font": "^38.0.1",
        "@ckeditor/ckeditor5-heading": "^38.0.1",
        "@ckeditor/ckeditor5-image": "^38.0.1",
        "@ckeditor/ckeditor5-indent": "^38.0.1",
        "@ckeditor/ckeditor5-link": "^38.0.1",
        "@ckeditor/ckeditor5-list": "^38.0.1",
        "@ckeditor/ckeditor5-media-embed": "^38.0.1",
        "@ckeditor/ckeditor5-paragraph": "^38.0.1",
        "@ckeditor/ckeditor5-paste-from-office": "^38.0.1",
        "@ckeditor/ckeditor5-table": "^38.0.1",
        "@ckeditor/ckeditor5-typing": "^38.0.1"
      },
      "engines": {
        "node": ">=16.0.0",
        "npm": ">=5.7.1"
      }
    },
    "node_modules/@ckeditor/ckeditor5-build-multi-root": {
      "version": "38.0.1",
      "resolved": "https://registry.npmjs.org/@ckeditor/ckeditor5-build-multi-root/-/ckeditor5-build-multi-root-38.0.1.tgz",
      "integrity": "sha512-405ML6Xd7faNrJf7avpXxJgbF+QbI5YDGo+ZXAleAESMFh6wYFOZcWfCrMF2QsRTtHZ/nVXic/oEA56kmDZDcg==",
      "dev": true,
      "dependencies": {
        "@ckeditor/ckeditor5-adapter-ckfinder": "^38.0.1",
        "@ckeditor/ckeditor5-autoformat": "^38.0.1",
        "@ckeditor/ckeditor5-basic-styles": "^38.0.1",
        "@ckeditor/ckeditor5-block-quote": "^38.0.1",
        "@ckeditor/ckeditor5-ckbox": "^38.0.1",
        "@ckeditor/ckeditor5-ckfinder": "^38.0.1",
        "@ckeditor/ckeditor5-cloud-services": "^38.0.1",
        "@ckeditor/ckeditor5-easy-image": "^38.0.1",
        "@ckeditor/ckeditor5-editor-multi-root": "^38.0.1",
        "@ckeditor/ckeditor5-essentials": "^38.0.1",
        "@ckeditor/ckeditor5-heading": "^38.0.1",
        "@ckeditor/ckeditor5-image": "^38.0.1",
        "@ckeditor/ckeditor5-indent": "^38.0.1",
        "@ckeditor/ckeditor5-link": "^38.0.1",
        "@ckeditor/ckeditor5-list": "^38.0.1",
        "@ckeditor/ckeditor5-media-embed": "^38.0.1",
        "@ckeditor/ckeditor5-paragraph": "^38.0.1",
        "@ckeditor/ckeditor5-paste-from-office": "^38.0.1",
        "@ckeditor/ckeditor5-table": "^38.0.1",
        "@ckeditor/ckeditor5-typing": "^38.0.1"
      },
      "engines": {
        "node": ">=16.0.0",
        "npm": ">=5.7.1"
      }
    },
    "node_modules/@ckeditor/ckeditor5-ckbox": {
      "version": "38.0.1",
      "resolved": "https://registry.npmjs.org/@ckeditor/ckeditor5-ckbox/-/ckeditor5-ckbox-38.0.1.tgz",
      "integrity": "sha512-pqY0FEjABIOZ4A7gSYNw36xvppes6NfVrK3WwW5vdwDqTRUiZq8NFDIAILx8yjOWJGEry6Awi9XJv1u/y9ejxA==",
      "dependencies": {
        "ckeditor5": "^38.0.1"
      },
      "engines": {
        "node": ">=16.0.0",
        "npm": ">=5.7.1"
      }
    },
    "node_modules/@ckeditor/ckeditor5-ckfinder": {
      "version": "38.0.1",
      "resolved": "https://registry.npmjs.org/@ckeditor/ckeditor5-ckfinder/-/ckeditor5-ckfinder-38.0.1.tgz",
      "integrity": "sha512-qTHTFE9RBXqE+e3MjAPItufqu+cXs1BwxlQBKCOmfjDaTCaTZM2S/atdV9e9SfMICge98yiiZVCS0M5SMPt36g==",
      "dependencies": {
        "ckeditor5": "^38.0.1"
      },
      "engines": {
        "node": ">=16.0.0",
        "npm": ">=5.7.1"
      }
    },
    "node_modules/@ckeditor/ckeditor5-clipboard": {
      "version": "38.0.1",
      "resolved": "https://registry.npmjs.org/@ckeditor/ckeditor5-clipboard/-/ckeditor5-clipboard-38.0.1.tgz",
      "integrity": "sha512-yAlif+UYoHH3gl/A1wNmXcMU98jJhmuLOSjVYWEIaVJQQbOtGesnDrDVXwST2KBZhyp/qBsblQnLyW4oqEJvug==",
      "dependencies": {
        "@ckeditor/ckeditor5-core": "^38.0.1",
        "@ckeditor/ckeditor5-engine": "^38.0.1",
        "@ckeditor/ckeditor5-ui": "^38.0.1",
        "@ckeditor/ckeditor5-utils": "^38.0.1",
        "@ckeditor/ckeditor5-widget": "^38.0.1",
        "lodash-es": "^4.17.15"
      },
      "engines": {
        "node": ">=16.0.0",
        "npm": ">=5.7.1"
      }
    },
    "node_modules/@ckeditor/ckeditor5-cloud-services": {
      "version": "38.0.1",
      "resolved": "https://registry.npmjs.org/@ckeditor/ckeditor5-cloud-services/-/ckeditor5-cloud-services-38.0.1.tgz",
      "integrity": "sha512-TEXzPGKFiIEZDyY2m8B8QnMbZPW6Msy1rExXLUPn+EzfQWh3ALrgYw7aUgcxhZP/yCektOk9x5o4AYnFEPU+tg==",
      "dependencies": {
        "ckeditor5": "^38.0.1"
      },
      "engines": {
        "node": ">=16.0.0",
        "npm": ">=5.7.1"
      }
    },
    "node_modules/@ckeditor/ckeditor5-core": {
      "version": "38.0.1",
      "resolved": "https://registry.npmjs.org/@ckeditor/ckeditor5-core/-/ckeditor5-core-38.0.1.tgz",
      "integrity": "sha512-DL3dp5Rlb0aGGtyQuE8AEQ/a1rfnQghNjn6EdOJhGlzt61JeP3hovY11JQQJ0qh8ZWDt//ZU2c5XmVqJeED08w==",
      "dependencies": {
        "@ckeditor/ckeditor5-engine": "^38.0.1",
        "@ckeditor/ckeditor5-utils": "^38.0.1",
        "lodash-es": "^4.17.15"
      },
      "engines": {
        "node": ">=16.0.0",
        "npm": ">=5.7.1"
      }
    },
    "node_modules/@ckeditor/ckeditor5-easy-image": {
      "version": "38.0.1",
      "resolved": "https://registry.npmjs.org/@ckeditor/ckeditor5-easy-image/-/ckeditor5-easy-image-38.0.1.tgz",
      "integrity": "sha512-zXcKWg/+4mV3gqxcgY0TgpxBmzLLCgIIpMjFF2sEuh+sXFgBv9mQKWL84T0EacdC4hibY/fmHDDVs0pcjdJ4zA==",
      "dependencies": {
        "ckeditor5": "^38.0.1"
      },
      "engines": {
        "node": ">=16.0.0",
        "npm": ">=5.7.1"
      }
    },
    "node_modules/@ckeditor/ckeditor5-editor-decoupled": {
      "version": "38.0.1",
      "resolved": "https://registry.npmjs.org/@ckeditor/ckeditor5-editor-decoupled/-/ckeditor5-editor-decoupled-38.0.1.tgz",
      "integrity": "sha512-UYESbLaetAnidPcELQWFdYzO8RmRkXAjXMfGwBt7CB7eInJwSUbJog1L6btMJH9mYLPwbO5nTHbU8W3ybZSRQw==",
      "dependencies": {
        "ckeditor5": "^38.0.1",
        "lodash-es": "^4.17.15"
      },
      "engines": {
        "node": ">=16.0.0",
        "npm": ">=5.7.1"
      }
    },
    "node_modules/@ckeditor/ckeditor5-editor-multi-root": {
      "version": "38.0.1",
      "resolved": "https://registry.npmjs.org/@ckeditor/ckeditor5-editor-multi-root/-/ckeditor5-editor-multi-root-38.0.1.tgz",
      "integrity": "sha512-Jbss8Pz90RydYadldxjwpWKNE7OmalukKp3jk8YpRTWY+/kIhPx0cuMfWyr2Dig0re1y1smVb5J8NFdsBwiw+g==",
      "dev": true,
      "dependencies": {
        "ckeditor5": "^38.0.1",
        "lodash-es": "^4.17.15"
      },
      "engines": {
        "node": ">=16.0.0",
        "npm": ">=5.7.1"
      }
    },
    "node_modules/@ckeditor/ckeditor5-engine": {
      "version": "38.0.1",
      "resolved": "https://registry.npmjs.org/@ckeditor/ckeditor5-engine/-/ckeditor5-engine-38.0.1.tgz",
      "integrity": "sha512-7gGcSv1TQ78G1dc0IAknGkWCou1xWbuSmZwT40bcLWnF+vz7hYY1i1Hj4Npp8SLVMkyisiYCdiSJrJrHjvXnyg==",
      "dependencies": {
        "@ckeditor/ckeditor5-utils": "^38.0.1",
        "lodash-es": "^4.17.15"
      },
      "engines": {
        "node": ">=16.0.0",
        "npm": ">=5.7.1"
      }
    },
    "node_modules/@ckeditor/ckeditor5-enter": {
      "version": "38.0.1",
      "resolved": "https://registry.npmjs.org/@ckeditor/ckeditor5-enter/-/ckeditor5-enter-38.0.1.tgz",
      "integrity": "sha512-RIrx2eoV9k1JpHrXp9QdCKP0k+9jr3wqgplhdTj5Ae5BNZdulD4nFi+9NKOr4t9dHprL2RqcolD7DJtOD8I2GQ==",
      "dependencies": {
        "@ckeditor/ckeditor5-core": "^38.0.1",
        "@ckeditor/ckeditor5-engine": "^38.0.1",
        "@ckeditor/ckeditor5-utils": "^38.0.1"
      },
      "engines": {
        "node": ">=16.0.0",
        "npm": ">=5.7.1"
      }
    },
    "node_modules/@ckeditor/ckeditor5-essentials": {
      "version": "38.0.1",
      "resolved": "https://registry.npmjs.org/@ckeditor/ckeditor5-essentials/-/ckeditor5-essentials-38.0.1.tgz",
      "integrity": "sha512-V6DxWtC0CKVIK6BY4Dp6BqVf35pKJ0y2iNIUjStVosB0PaaIg8dHCHv+Y2DRgmM0EGYKih4zjzk7YVWuinHO9Q==",
      "dependencies": {
        "ckeditor5": "^38.0.1"
      },
      "engines": {
        "node": ">=16.0.0",
        "npm": ">=5.7.1"
      }
    },
    "node_modules/@ckeditor/ckeditor5-font": {
      "version": "38.0.1",
      "resolved": "https://registry.npmjs.org/@ckeditor/ckeditor5-font/-/ckeditor5-font-38.0.1.tgz",
      "integrity": "sha512-Dkh5jTL6mPDJknBl7NaL9Lf9cGod9zVdYVuEDhWAhvaI1Znyf8ZKDd1ViYofKPxm3T4CQa5i8SfYM4/1RSO0Ww==",
      "dependencies": {
        "@ckeditor/ckeditor5-ui": "^38.0.1",
        "ckeditor5": "^38.0.1"
      },
      "engines": {
        "node": ">=16.0.0",
        "npm": ">=5.7.1"
      }
    },
    "node_modules/@ckeditor/ckeditor5-heading": {
      "version": "38.0.1",
      "resolved": "https://registry.npmjs.org/@ckeditor/ckeditor5-heading/-/ckeditor5-heading-38.0.1.tgz",
      "integrity": "sha512-pNGQyMAbinXZfk28kJJ5ITlEX7wlZ9zacFIaXbtEFUJpKgTYicDpBYMRc87548hP1Pombx/BJyMlJbhxUr4N5w==",
      "dependencies": {
        "ckeditor5": "^38.0.1"
      },
      "engines": {
        "node": ">=16.0.0",
        "npm": ">=5.7.1"
      }
    },
    "node_modules/@ckeditor/ckeditor5-html-embed": {
      "version": "38.0.1",
      "resolved": "https://registry.npmjs.org/@ckeditor/ckeditor5-html-embed/-/ckeditor5-html-embed-38.0.1.tgz",
      "integrity": "sha512-L7aO4vIWzy4zw4Q4QyKx1n/SILHqeuwdwniNojJcdLQJkMoFzZj3OQkvIe+TozoN4lejET8B262T212ai+tuvA==",
      "dependencies": {
        "ckeditor5": "^38.0.1"
      },
      "engines": {
        "node": ">=16.0.0",
        "npm": ">=5.7.1"
      }
    },
    "node_modules/@ckeditor/ckeditor5-image": {
      "version": "38.0.1",
      "resolved": "https://registry.npmjs.org/@ckeditor/ckeditor5-image/-/ckeditor5-image-38.0.1.tgz",
      "integrity": "sha512-/Jx3LRBDCw17/8I0PFqNWnDc0k1YZbuVjYSWLioff8HrV+aBx4N9PwVfiB0Q7y6Ss4GkWE/A5E1eMgAuiiVIIg==",
      "dependencies": {
        "@ckeditor/ckeditor5-ui": "^38.0.1",
        "ckeditor5": "^38.0.1",
        "lodash-es": "^4.17.15"
      },
      "engines": {
        "node": ">=16.0.0",
        "npm": ">=5.7.1"
      }
    },
    "node_modules/@ckeditor/ckeditor5-indent": {
      "version": "38.0.1",
      "resolved": "https://registry.npmjs.org/@ckeditor/ckeditor5-indent/-/ckeditor5-indent-38.0.1.tgz",
      "integrity": "sha512-pHjbqi6rbdg+V73/WV4cTfhD6CmgJDHuvAHNdJwz8SW7spvcj+gTBf7X+c5+ZSCCPY7BCO7lhSS27JhDgQ/CzA==",
      "dependencies": {
        "ckeditor5": "^38.0.1"
      },
      "engines": {
        "node": ">=16.0.0",
        "npm": ">=5.7.1"
      }
    },
    "node_modules/@ckeditor/ckeditor5-link": {
      "version": "38.0.1",
      "resolved": "https://registry.npmjs.org/@ckeditor/ckeditor5-link/-/ckeditor5-link-38.0.1.tgz",
      "integrity": "sha512-Ktu30/vw8ZUBJX6r5PWcDEKON6aggYQUIlyVG038abC+Fxipvd0wCiGoMOU/nUHsXqqKaNj66aB43FzfW1JURQ==",
      "dependencies": {
        "@ckeditor/ckeditor5-ui": "^38.0.1",
        "ckeditor5": "^38.0.1",
        "lodash-es": "^4.17.15"
      },
      "engines": {
        "node": ">=16.0.0",
        "npm": ">=5.7.1"
      }
    },
    "node_modules/@ckeditor/ckeditor5-list": {
      "version": "38.0.1",
      "resolved": "https://registry.npmjs.org/@ckeditor/ckeditor5-list/-/ckeditor5-list-38.0.1.tgz",
      "integrity": "sha512-MK2pq2bpq/8bW4WZsiCizEVcJVOlpryYjQNIdGo632ayl+zrttJuxJSCJkOjQpqBlXTmCunG9i+Vxe+uvm/k1w==",
      "dependencies": {
        "@ckeditor/ckeditor5-ui": "^38.0.1",
        "ckeditor5": "^38.0.1"
      },
      "engines": {
        "node": ">=16.0.0",
        "npm": ">=5.7.1"
      }
    },
    "node_modules/@ckeditor/ckeditor5-media-embed": {
      "version": "38.0.1",
      "resolved": "https://registry.npmjs.org/@ckeditor/ckeditor5-media-embed/-/ckeditor5-media-embed-38.0.1.tgz",
      "integrity": "sha512-U2Pro11nPkGGVZPd7Md2Okr6Vqm0E1/fBPxZy5sX7WUO7JJxUw2o3lcWFM0X8kln3ZljbWPstffWwI+iloN3TQ==",
      "dependencies": {
        "@ckeditor/ckeditor5-ui": "^38.0.1",
        "ckeditor5": "^38.0.1"
      },
      "engines": {
        "node": ">=16.0.0",
        "npm": ">=5.7.1"
      }
    },
    "node_modules/@ckeditor/ckeditor5-paragraph": {
      "version": "38.0.1",
      "resolved": "https://registry.npmjs.org/@ckeditor/ckeditor5-paragraph/-/ckeditor5-paragraph-38.0.1.tgz",
      "integrity": "sha512-LgI/NhWT8F8ntmzhGfhY/SP50jBMcm5IEGHslFceYhvPijOYldm+R+Ip2kjkJJDWR+PcgS3QRZLx60qMJLXxqA==",
      "dependencies": {
        "@ckeditor/ckeditor5-core": "^38.0.1",
        "@ckeditor/ckeditor5-ui": "^38.0.1",
        "@ckeditor/ckeditor5-utils": "^38.0.1"
      },
      "engines": {
        "node": ">=16.0.0",
        "npm": ">=5.7.1"
      }
    },
    "node_modules/@ckeditor/ckeditor5-paste-from-office": {
      "version": "38.0.1",
      "resolved": "https://registry.npmjs.org/@ckeditor/ckeditor5-paste-from-office/-/ckeditor5-paste-from-office-38.0.1.tgz",
      "integrity": "sha512-BRIwDkQhbSUFo4v1HDK02CtfQUFpsgc+nIo1/XBmZXVNksGUr2+Pz2KrtAkblQygU2MsKPzBWtTzT5X2qzgx1Q==",
      "dependencies": {
        "ckeditor5": "^38.0.1"
      },
      "engines": {
        "node": ">=16.0.0",
        "npm": ">=5.7.1"
      }
    },
    "node_modules/@ckeditor/ckeditor5-select-all": {
      "version": "38.0.1",
      "resolved": "https://registry.npmjs.org/@ckeditor/ckeditor5-select-all/-/ckeditor5-select-all-38.0.1.tgz",
      "integrity": "sha512-rFkeA27Poa3PzjpBP8f5hiQY0/81yzYDF2Zz6Zfah9yN103A6e+CXUBoo/BfBH6wBDFNJHG7/7sKL99AMJvmLQ==",
      "dependencies": {
        "@ckeditor/ckeditor5-core": "^38.0.1",
        "@ckeditor/ckeditor5-ui": "^38.0.1",
        "@ckeditor/ckeditor5-utils": "^38.0.1"
      },
      "engines": {
        "node": ">=16.0.0",
        "npm": ">=5.7.1"
      }
    },
    "node_modules/@ckeditor/ckeditor5-table": {
      "version": "38.0.1",
      "resolved": "https://registry.npmjs.org/@ckeditor/ckeditor5-table/-/ckeditor5-table-38.0.1.tgz",
      "integrity": "sha512-GWlS0EzeEAvGzMjLtydqGvLP1G8OSpR/PDYEzTFzVXTVzWN0P0nI/aCdkLDb/rfRe03Yszb7bKupl9PyK+kDQQ==",
      "dependencies": {
        "ckeditor5": "^38.0.1",
        "lodash-es": "^4.17.15"
      },
      "engines": {
        "node": ">=16.0.0",
        "npm": ">=5.7.1"
      }
    },
    "node_modules/@ckeditor/ckeditor5-typing": {
      "version": "38.0.1",
      "resolved": "https://registry.npmjs.org/@ckeditor/ckeditor5-typing/-/ckeditor5-typing-38.0.1.tgz",
      "integrity": "sha512-717JKThNYRkLxH4L/5AGDqexFc8L2rvkFMbflQSvGRhPpl5d40o+DAduTENkMN0WWuFTovAYDjEwMrjjbUKO7w==",
      "dependencies": {
        "@ckeditor/ckeditor5-core": "^38.0.1",
        "@ckeditor/ckeditor5-engine": "^38.0.1",
        "@ckeditor/ckeditor5-utils": "^38.0.1",
        "lodash-es": "^4.17.15"
      },
      "engines": {
        "node": ">=16.0.0",
        "npm": ">=5.7.1"
      }
    },
    "node_modules/@ckeditor/ckeditor5-ui": {
      "version": "38.0.1",
      "resolved": "https://registry.npmjs.org/@ckeditor/ckeditor5-ui/-/ckeditor5-ui-38.0.1.tgz",
      "integrity": "sha512-7ufB/DkIkkJDFAmSMVc5FgohxLs02+s2KAAlIoCopA+6nPTnJEQjIoHgFaqB28QTW6C9z5VSE21lpHwz+zb/fg==",
      "dependencies": {
        "@ckeditor/ckeditor5-core": "^38.0.1",
        "@ckeditor/ckeditor5-utils": "^38.0.1",
        "color-convert": "2.0.1",
        "color-parse": "1.4.2",
        "lodash-es": "^4.17.15",
        "vanilla-colorful": "0.7.2"
      },
      "engines": {
        "node": ">=16.0.0",
        "npm": ">=5.7.1"
      }
    },
    "node_modules/@ckeditor/ckeditor5-undo": {
      "version": "38.0.1",
      "resolved": "https://registry.npmjs.org/@ckeditor/ckeditor5-undo/-/ckeditor5-undo-38.0.1.tgz",
      "integrity": "sha512-nd6jlycoNYguJpiLEqc5wzFV6VE7y2Bieop9pn//ak0uiTHuup81sZH3aHCw2c/2Qq46O8k5eqoYgeB1Pm2+WQ==",
      "dependencies": {
        "@ckeditor/ckeditor5-core": "^38.0.1",
        "@ckeditor/ckeditor5-engine": "^38.0.1",
        "@ckeditor/ckeditor5-ui": "^38.0.1"
      },
      "engines": {
        "node": ">=16.0.0",
        "npm": ">=5.7.1"
      }
    },
    "node_modules/@ckeditor/ckeditor5-upload": {
      "version": "38.0.1",
      "resolved": "https://registry.npmjs.org/@ckeditor/ckeditor5-upload/-/ckeditor5-upload-38.0.1.tgz",
      "integrity": "sha512-vwcs5DZcjDW3ynnCVMXjHWCpLBZ9r544tlo5Gbe287X253vMAse2DDJ9pD9KYqPv1k3QNGaKRa4CtjuKarpUWw==",
      "dependencies": {
        "@ckeditor/ckeditor5-core": "^38.0.1",
        "@ckeditor/ckeditor5-ui": "^38.0.1",
        "@ckeditor/ckeditor5-utils": "^38.0.1"
      },
      "engines": {
        "node": ">=16.0.0",
        "npm": ">=5.7.1"
      }
    },
    "node_modules/@ckeditor/ckeditor5-utils": {
      "version": "38.0.1",
      "resolved": "https://registry.npmjs.org/@ckeditor/ckeditor5-utils/-/ckeditor5-utils-38.0.1.tgz",
      "integrity": "sha512-biJ7yBUSumPDPq14FvZFW4+lHD2LfcZLWgJ7KesoseSOo2BgXAznUGozndEgeHYlnevs9bJAjQOGlTd5bYOW0w==",
      "dependencies": {
        "lodash-es": "^4.17.15"
      },
      "engines": {
        "node": ">=16.0.0",
        "npm": ">=5.7.1"
      }
    },
    "node_modules/@ckeditor/ckeditor5-watchdog": {
      "version": "38.0.1",
      "resolved": "https://registry.npmjs.org/@ckeditor/ckeditor5-watchdog/-/ckeditor5-watchdog-38.0.1.tgz",
      "integrity": "sha512-Q2QeUbDpoA4gIYpd0BicnP0k7ZxuY09x6+8AYNG45xI9NvcFhyyry/dw41AwFmqcZbU3NfPxV47vJzIQ2ZOqQg==",
      "dependencies": {
        "lodash-es": "^4.17.15"
      },
      "engines": {
        "node": ">=16.0.0",
        "npm": ">=5.7.1"
      }
    },
    "node_modules/@ckeditor/ckeditor5-widget": {
      "version": "38.0.1",
      "resolved": "https://registry.npmjs.org/@ckeditor/ckeditor5-widget/-/ckeditor5-widget-38.0.1.tgz",
      "integrity": "sha512-2XxSXzS9doFWGX7Lb5U5+sLr6tJQOUP17lGBC2PwaNPfZWTk73ibq3vUlboAJJB5Hv3JrIa971KH6rcFIdr1Hg==",
      "dependencies": {
        "@ckeditor/ckeditor5-core": "^38.0.1",
        "@ckeditor/ckeditor5-engine": "^38.0.1",
        "@ckeditor/ckeditor5-enter": "^38.0.1",
        "@ckeditor/ckeditor5-typing": "^38.0.1",
        "@ckeditor/ckeditor5-ui": "^38.0.1",
        "@ckeditor/ckeditor5-utils": "^38.0.1",
        "lodash-es": "^4.17.15"
      },
      "engines": {
        "node": ">=16.0.0",
        "npm": ">=5.7.1"
      }
    },
    "node_modules/ckeditor5": {
      "version": "38.0.1",
      "resolved": "https://registry.npmjs.org/ckeditor5/-/ckeditor5-38.0.1.tgz",
      "integrity": "sha512-r1axtjYlQZxcyWyF9vbiPiZYZSYBd40ITlo6gC7L5bOLSlFNreEif7b7IRKg4e5aGn4c1FopTk7WoLsZ/CnSoA==",
      "dependencies": {
        "@ckeditor/ckeditor5-clipboard": "^38.0.1",
        "@ckeditor/ckeditor5-core": "^38.0.1",
        "@ckeditor/ckeditor5-engine": "^38.0.1",
        "@ckeditor/ckeditor5-enter": "^38.0.1",
        "@ckeditor/ckeditor5-paragraph": "^38.0.1",
        "@ckeditor/ckeditor5-select-all": "^38.0.1",
        "@ckeditor/ckeditor5-typing": "^38.0.1",
        "@ckeditor/ckeditor5-ui": "^38.0.1",
        "@ckeditor/ckeditor5-undo": "^38.0.1",
        "@ckeditor/ckeditor5-upload": "^38.0.1",
        "@ckeditor/ckeditor5-utils": "^38.0.1",
        "@ckeditor/ckeditor5-watchdog": "^38.0.1",
        "@ckeditor/ckeditor5-widget": "^38.0.1"
      },
      "engines": {
        "node": ">=16.0.0",
        "npm": ">=5.7.1"
      }
    },
    "node_modules/color-convert": {
      "version": "2.0.1",
      "resolved": "https://registry.npmjs.org/color-convert/-/color-convert-2.0.1.tgz",
      "integrity": "sha512-RRECPsj7iu/xb5oKYcsFHSppFNnsj/52OVTRKb4zP5onXwVF3zVmmToNcOfGC+CRDpfK/U584fMg38ZHCaElKQ==",
      "dependencies": {
        "color-name": "~1.1.4"
      },
      "engines": {
        "node": ">=7.0.0"
      }
    },
    "node_modules/color-name": {
      "version": "1.1.4",
      "resolved": "https://registry.npmjs.org/color-name/-/color-name-1.1.4.tgz",
      "integrity": "sha512-dOy+3AuW3a2wNbZHIuMZpTcgjGuLU/uBL/ubcZF9OXbDo8ff4O8yVp5Bf0efS8uEoYo5q4Fx7dY9OgQGXgAsQA=="
    },
    "node_modules/color-parse": {
      "version": "1.4.2",
      "resolved": "https://registry.npmjs.org/color-parse/-/color-parse-1.4.2.tgz",
      "integrity": "sha512-RI7s49/8yqDj3fECFZjUI1Yi0z/Gq1py43oNJivAIIDSyJiOZLfYCRQEgn8HEVAj++PcRe8AnL2XF0fRJ3BTnA==",
      "dependencies": {
        "color-name": "^1.0.0"
      }
    },
    "node_modules/lodash-es": {
      "version": "4.17.21",
      "resolved": "https://registry.npmjs.org/lodash-es/-/lodash-es-4.17.21.tgz",
      "integrity": "sha512-mKnC+QJ9pWVzv+C4/U3rRsHapFfHvQFoFB92e52xeyGMcX6/OlIl78je1u8vePzYZSkkogMPJ2yjxxsb89cxyw=="
    },
    "node_modules/vanilla-colorful": {
      "version": "0.7.2",
      "resolved": "https://registry.npmjs.org/vanilla-colorful/-/vanilla-colorful-0.7.2.tgz",
      "integrity": "sha512-z2YZusTFC6KnLERx1cgoIRX2CjPRP0W75N+3CC6gbvdX5Ch47rZkEMGO2Xnf+IEmi3RiFLxS18gayMA27iU7Kg=="
    }
  },
  "dependencies": {
    "@ckeditor/ckeditor5-adapter-ckfinder": {
      "version": "38.0.1",
      "resolved": "https://registry.npmjs.org/@ckeditor/ckeditor5-adapter-ckfinder/-/ckeditor5-adapter-ckfinder-38.0.1.tgz",
      "integrity": "sha512-Fbey8GYfFjsBl0TmdK0uI3b7RmpQpngqjiLaryQxvzlBMn6wUl2xEeLSmZzX+BmKLHPuPatwRJP7SzFwUCSEyA==",
      "requires": {
        "ckeditor5": "^38.0.1"
      }
    },
    "@ckeditor/ckeditor5-alignment": {
      "version": "38.0.1",
      "resolved": "https://registry.npmjs.org/@ckeditor/ckeditor5-alignment/-/ckeditor5-alignment-38.0.1.tgz",
      "integrity": "sha512-0AIJh9ZNyy2KgjnQ0En28k+iu9NpYrE+X8zmdKkSlMIEIkeThDNs2WiLJxLf2nNoKh8euGGdfQyAggVDqcF5MQ==",
      "requires": {
        "ckeditor5": "^38.0.1"
      }
    },
    "@ckeditor/ckeditor5-autoformat": {
      "version": "38.0.1",
      "resolved": "https://registry.npmjs.org/@ckeditor/ckeditor5-autoformat/-/ckeditor5-autoformat-38.0.1.tgz",
      "integrity": "sha512-yNV4Nh9Ltrr21sVE0yYUCKZZgwHrR719PkbU0KtiZMfX9MmJcHCqql3k8K0akiPwePMjs9HzfdEYZfuonzPUzg==",
      "requires": {
        "ckeditor5": "^38.0.1"
      }
    },
    "@ckeditor/ckeditor5-basic-styles": {
      "version": "38.0.1",
      "resolved": "https://registry.npmjs.org/@ckeditor/ckeditor5-basic-styles/-/ckeditor5-basic-styles-38.0.1.tgz",
      "integrity": "sha512-y5K7nbCtpjkKuimRnUa4oq1Xk7rCUMDlW/HUJew3vYKnS0YVfVc4cxRdw/daI70iRN88tQrxsy+xr/4dzzQCHQ==",
      "requires": {
        "ckeditor5": "^38.0.1"
      }
    },
    "@ckeditor/ckeditor5-block-quote": {
      "version": "38.0.1",
      "resolved": "https://registry.npmjs.org/@ckeditor/ckeditor5-block-quote/-/ckeditor5-block-quote-38.0.1.tgz",
      "integrity": "sha512-UL2sPeivNJuE7GpuNi8kS0O+DPcWKnHrefR9KRGknM9/oBtZJYqbSRUFOzmivdKjPTAlkTzpQgeoj+Ki1rXY7g==",
      "requires": {
        "ckeditor5": "^38.0.1"
      }
    },
    "@ckeditor/ckeditor5-build-decoupled-document": {
      "version": "38.0.1",
      "resolved": "https://registry.npmjs.org/@ckeditor/ckeditor5-build-decoupled-document/-/ckeditor5-build-decoupled-document-38.0.1.tgz",
      "integrity": "sha512-cj8Ur94W9FwRdaN5LYaTlurxXz+YobREtva9xt1jm5h/JacjdrdKAWYZp1Kje/6jO0nvx2M7EJ8pUy4qjouowA==",
      "requires": {
        "@ckeditor/ckeditor5-adapter-ckfinder": "^38.0.1",
        "@ckeditor/ckeditor5-alignment": "^38.0.1",
        "@ckeditor/ckeditor5-autoformat": "^38.0.1",
        "@ckeditor/ckeditor5-basic-styles": "^38.0.1",
        "@ckeditor/ckeditor5-block-quote": "^38.0.1",
        "@ckeditor/ckeditor5-ckbox": "^38.0.1",
        "@ckeditor/ckeditor5-ckfinder": "^38.0.1",
        "@ckeditor/ckeditor5-cloud-services": "^38.0.1",
        "@ckeditor/ckeditor5-easy-image": "^38.0.1",
        "@ckeditor/ckeditor5-editor-decoupled": "^38.0.1",
        "@ckeditor/ckeditor5-essentials": "^38.0.1",
        "@ckeditor/ckeditor5-font": "^38.0.1",
        "@ckeditor/ckeditor5-heading": "^38.0.1",
        "@ckeditor/ckeditor5-image": "^38.0.1",
        "@ckeditor/ckeditor5-indent": "^38.0.1",
        "@ckeditor/ckeditor5-link": "^38.0.1",
        "@ckeditor/ckeditor5-list": "^38.0.1",
        "@ckeditor/ckeditor5-media-embed": "^38.0.1",
        "@ckeditor/ckeditor5-paragraph": "^38.0.1",
        "@ckeditor/ckeditor5-paste-from-office": "^38.0.1",
        "@ckeditor/ckeditor5-table": "^38.0.1",
        "@ckeditor/ckeditor5-typing": "^38.0.1"
      }
    },
    "@ckeditor/ckeditor5-build-multi-root": {
      "version": "38.0.1",
      "resolved": "https://registry.npmjs.org/@ckeditor/ckeditor5-build-multi-root/-/ckeditor5-build-multi-root-38.0.1.tgz",
      "integrity": "sha512-405ML6Xd7faNrJf7avpXxJgbF+QbI5YDGo+ZXAleAESMFh6wYFOZcWfCrMF2QsRTtHZ/nVXic/oEA56kmDZDcg==",
      "dev": true,
      "requires": {
        "@ckeditor/ckeditor5-adapter-ckfinder": "^38.0.1",
        "@ckeditor/ckeditor5-autoformat": "^38.0.1",
        "@ckeditor/ckeditor5-basic-styles": "^38.0.1",
        "@ckeditor/ckeditor5-block-quote": "^38.0.1",
        "@ckeditor/ckeditor5-ckbox": "^38.0.1",
        "@ckeditor/ckeditor5-ckfinder": "^38.0.1",
        "@ckeditor/ckeditor5-cloud-services": "^38.0.1",
        "@ckeditor/ckeditor5-easy-image": "^38.0.1",
        "@ckeditor/ckeditor5-editor-multi-root": "^38.0.1",
        "@ckeditor/ckeditor5-essentials": "^38.0.1",
        "@ckeditor/ckeditor5-heading": "^38.0.1",
        "@ckeditor/ckeditor5-image": "^38.0.1",
        "@ckeditor/ckeditor5-indent": "^38.0.1",
        "@ckeditor/ckeditor5-link": "^38.0.1",
        "@ckeditor/ckeditor5-list": "^38.0.1",
        "@ckeditor/ckeditor5-media-embed": "^38.0.1",
        "@ckeditor/ckeditor5-paragraph": "^38.0.1",
        "@ckeditor/ckeditor5-paste-from-office": "^38.0.1",
        "@ckeditor/ckeditor5-table": "^38.0.1",
        "@ckeditor/ckeditor5-typing": "^38.0.1"
      }
    },
    "@ckeditor/ckeditor5-ckbox": {
      "version": "38.0.1",
      "resolved": "https://registry.npmjs.org/@ckeditor/ckeditor5-ckbox/-/ckeditor5-ckbox-38.0.1.tgz",
      "integrity": "sha512-pqY0FEjABIOZ4A7gSYNw36xvppes6NfVrK3WwW5vdwDqTRUiZq8NFDIAILx8yjOWJGEry6Awi9XJv1u/y9ejxA==",
      "requires": {
        "ckeditor5": "^38.0.1"
      }
    },
    "@ckeditor/ckeditor5-ckfinder": {
      "version": "38.0.1",
      "resolved": "https://registry.npmjs.org/@ckeditor/ckeditor5-ckfinder/-/ckeditor5-ckfinder-38.0.1.tgz",
      "integrity": "sha512-qTHTFE9RBXqE+e3MjAPItufqu+cXs1BwxlQBKCOmfjDaTCaTZM2S/atdV9e9SfMICge98yiiZVCS0M5SMPt36g==",
      "requires": {
        "ckeditor5": "^38.0.1"
      }
    },
    "@ckeditor/ckeditor5-clipboard": {
      "version": "38.0.1",
      "resolved": "https://registry.npmjs.org/@ckeditor/ckeditor5-clipboard/-/ckeditor5-clipboard-38.0.1.tgz",
      "integrity": "sha512-yAlif+UYoHH3gl/A1wNmXcMU98jJhmuLOSjVYWEIaVJQQbOtGesnDrDVXwST2KBZhyp/qBsblQnLyW4oqEJvug==",
      "requires": {
        "@ckeditor/ckeditor5-core": "^38.0.1",
        "@ckeditor/ckeditor5-engine": "^38.0.1",
        "@ckeditor/ckeditor5-ui": "^38.0.1",
        "@ckeditor/ckeditor5-utils": "^38.0.1",
        "@ckeditor/ckeditor5-widget": "^38.0.1",
        "lodash-es": "^4.17.15"
      }
    },
    "@ckeditor/ckeditor5-cloud-services": {
      "version": "38.0.1",
      "resolved": "https://registry.npmjs.org/@ckeditor/ckeditor5-cloud-services/-/ckeditor5-cloud-services-38.0.1.tgz",
      "integrity": "sha512-TEXzPGKFiIEZDyY2m8B8QnMbZPW6Msy1rExXLUPn+EzfQWh3ALrgYw7aUgcxhZP/yCektOk9x5o4AYnFEPU+tg==",
      "requires": {
        "ckeditor5": "^38.0.1"
      }
    },
    "@ckeditor/ckeditor5-core": {
      "version": "38.0.1",
      "resolved": "https://registry.npmjs.org/@ckeditor/ckeditor5-core/-/ckeditor5-core-38.0.1.tgz",
      "integrity": "sha512-DL3dp5Rlb0aGGtyQuE8AEQ/a1rfnQghNjn6EdOJhGlzt61JeP3hovY11JQQJ0qh8ZWDt//ZU2c5XmVqJeED08w==",
      "requires": {
        "@ckeditor/ckeditor5-engine": "^38.0.1",
        "@ckeditor/ckeditor5-utils": "^38.0.1",
        "lodash-es": "^4.17.15"
      }
    },
    "@ckeditor/ckeditor5-easy-image": {
      "version": "38.0.1",
      "resolved": "https://registry.npmjs.org/@ckeditor/ckeditor5-easy-image/-/ckeditor5-easy-image-38.0.1.tgz",
      "integrity": "sha512-zXcKWg/+4mV3gqxcgY0TgpxBmzLLCgIIpMjFF2sEuh+sXFgBv9mQKWL84T0EacdC4hibY/fmHDDVs0pcjdJ4zA==",
      "requires": {
        "ckeditor5": "^38.0.1"
      }
    },
    "@ckeditor/ckeditor5-editor-decoupled": {
      "version": "38.0.1",
      "resolved": "https://registry.npmjs.org/@ckeditor/ckeditor5-editor-decoupled/-/ckeditor5-editor-decoupled-38.0.1.tgz",
      "integrity": "sha512-UYESbLaetAnidPcELQWFdYzO8RmRkXAjXMfGwBt7CB7eInJwSUbJog1L6btMJH9mYLPwbO5nTHbU8W3ybZSRQw==",
      "requires": {
        "ckeditor5": "^38.0.1",
        "lodash-es": "^4.17.15"
      }
    },
    "@ckeditor/ckeditor5-editor-multi-root": {
      "version": "38.0.1",
      "resolved": "https://registry.npmjs.org/@ckeditor/ckeditor5-editor-multi-root/-/ckeditor5-editor-multi-root-38.0.1.tgz",
      "integrity": "sha512-Jbss8Pz90RydYadldxjwpWKNE7OmalukKp3jk8YpRTWY+/kIhPx0cuMfWyr2Dig0re1y1smVb5J8NFdsBwiw+g==",
      "dev": true,
      "requires": {
        "ckeditor5": "^38.0.1",
        "lodash-es": "^4.17.15"
      }
    },
    "@ckeditor/ckeditor5-engine": {
      "version": "38.0.1",
      "resolved": "https://registry.npmjs.org/@ckeditor/ckeditor5-engine/-/ckeditor5-engine-38.0.1.tgz",
      "integrity": "sha512-7gGcSv1TQ78G1dc0IAknGkWCou1xWbuSmZwT40bcLWnF+vz7hYY1i1Hj4Npp8SLVMkyisiYCdiSJrJrHjvXnyg==",
      "requires": {
        "@ckeditor/ckeditor5-utils": "^38.0.1",
        "lodash-es": "^4.17.15"
      }
    },
    "@ckeditor/ckeditor5-enter": {
      "version": "38.0.1",
      "resolved": "https://registry.npmjs.org/@ckeditor/ckeditor5-enter/-/ckeditor5-enter-38.0.1.tgz",
      "integrity": "sha512-RIrx2eoV9k1JpHrXp9QdCKP0k+9jr3wqgplhdTj5Ae5BNZdulD4nFi+9NKOr4t9dHprL2RqcolD7DJtOD8I2GQ==",
      "requires": {
        "@ckeditor/ckeditor5-core": "^38.0.1",
        "@ckeditor/ckeditor5-engine": "^38.0.1",
        "@ckeditor/ckeditor5-utils": "^38.0.1"
      }
    },
    "@ckeditor/ckeditor5-essentials": {
      "version": "38.0.1",
      "resolved": "https://registry.npmjs.org/@ckeditor/ckeditor5-essentials/-/ckeditor5-essentials-38.0.1.tgz",
      "integrity": "sha512-V6DxWtC0CKVIK6BY4Dp6BqVf35pKJ0y2iNIUjStVosB0PaaIg8dHCHv+Y2DRgmM0EGYKih4zjzk7YVWuinHO9Q==",
      "requires": {
        "ckeditor5": "^38.0.1"
      }
    },
    "@ckeditor/ckeditor5-font": {
      "version": "38.0.1",
      "resolved": "https://registry.npmjs.org/@ckeditor/ckeditor5-font/-/ckeditor5-font-38.0.1.tgz",
      "integrity": "sha512-Dkh5jTL6mPDJknBl7NaL9Lf9cGod9zVdYVuEDhWAhvaI1Znyf8ZKDd1ViYofKPxm3T4CQa5i8SfYM4/1RSO0Ww==",
      "requires": {
        "@ckeditor/ckeditor5-ui": "^38.0.1",
        "ckeditor5": "^38.0.1"
      }
    },
    "@ckeditor/ckeditor5-heading": {
      "version": "38.0.1",
      "resolved": "https://registry.npmjs.org/@ckeditor/ckeditor5-heading/-/ckeditor5-heading-38.0.1.tgz",
      "integrity": "sha512-pNGQyMAbinXZfk28kJJ5ITlEX7wlZ9zacFIaXbtEFUJpKgTYicDpBYMRc87548hP1Pombx/BJyMlJbhxUr4N5w==",
      "requires": {
        "ckeditor5": "^38.0.1"
      }
    },
    "@ckeditor/ckeditor5-html-embed": {
      "version": "38.0.1",
      "resolved": "https://registry.npmjs.org/@ckeditor/ckeditor5-html-embed/-/ckeditor5-html-embed-38.0.1.tgz",
      "integrity": "sha512-L7aO4vIWzy4zw4Q4QyKx1n/SILHqeuwdwniNojJcdLQJkMoFzZj3OQkvIe+TozoN4lejET8B262T212ai+tuvA==",
      "requires": {
        "ckeditor5": "^38.0.1"
      }
    },
    "@ckeditor/ckeditor5-image": {
      "version": "38.0.1",
      "resolved": "https://registry.npmjs.org/@ckeditor/ckeditor5-image/-/ckeditor5-image-38.0.1.tgz",
      "integrity": "sha512-/Jx3LRBDCw17/8I0PFqNWnDc0k1YZbuVjYSWLioff8HrV+aBx4N9PwVfiB0Q7y6Ss4GkWE/A5E1eMgAuiiVIIg==",
      "requires": {
        "@ckeditor/ckeditor5-ui": "^38.0.1",
        "ckeditor5": "^38.0.1",
        "lodash-es": "^4.17.15"
      }
    },
    "@ckeditor/ckeditor5-indent": {
      "version": "38.0.1",
      "resolved": "https://registry.npmjs.org/@ckeditor/ckeditor5-indent/-/ckeditor5-indent-38.0.1.tgz",
      "integrity": "sha512-pHjbqi6rbdg+V73/WV4cTfhD6CmgJDHuvAHNdJwz8SW7spvcj+gTBf7X+c5+ZSCCPY7BCO7lhSS27JhDgQ/CzA==",
      "requires": {
        "ckeditor5": "^38.0.1"
      }
    },
    "@ckeditor/ckeditor5-link": {
      "version": "38.0.1",
      "resolved": "https://registry.npmjs.org/@ckeditor/ckeditor5-link/-/ckeditor5-link-38.0.1.tgz",
      "integrity": "sha512-Ktu30/vw8ZUBJX6r5PWcDEKON6aggYQUIlyVG038abC+Fxipvd0wCiGoMOU/nUHsXqqKaNj66aB43FzfW1JURQ==",
      "requires": {
        "@ckeditor/ckeditor5-ui": "^38.0.1",
        "ckeditor5": "^38.0.1",
        "lodash-es": "^4.17.15"
      }
    },
    "@ckeditor/ckeditor5-list": {
      "version": "38.0.1",
      "resolved": "https://registry.npmjs.org/@ckeditor/ckeditor5-list/-/ckeditor5-list-38.0.1.tgz",
      "integrity": "sha512-MK2pq2bpq/8bW4WZsiCizEVcJVOlpryYjQNIdGo632ayl+zrttJuxJSCJkOjQpqBlXTmCunG9i+Vxe+uvm/k1w==",
      "requires": {
        "@ckeditor/ckeditor5-ui": "^38.0.1",
        "ckeditor5": "^38.0.1"
      }
    },
    "@ckeditor/ckeditor5-media-embed": {
      "version": "38.0.1",
      "resolved": "https://registry.npmjs.org/@ckeditor/ckeditor5-media-embed/-/ckeditor5-media-embed-38.0.1.tgz",
      "integrity": "sha512-U2Pro11nPkGGVZPd7Md2Okr6Vqm0E1/fBPxZy5sX7WUO7JJxUw2o3lcWFM0X8kln3ZljbWPstffWwI+iloN3TQ==",
      "requires": {
        "@ckeditor/ckeditor5-ui": "^38.0.1",
        "ckeditor5": "^38.0.1"
      }
    },
    "@ckeditor/ckeditor5-paragraph": {
      "version": "38.0.1",
      "resolved": "https://registry.npmjs.org/@ckeditor/ckeditor5-paragraph/-/ckeditor5-paragraph-38.0.1.tgz",
      "integrity": "sha512-LgI/NhWT8F8ntmzhGfhY/SP50jBMcm5IEGHslFceYhvPijOYldm+R+Ip2kjkJJDWR+PcgS3QRZLx60qMJLXxqA==",
      "requires": {
        "@ckeditor/ckeditor5-core": "^38.0.1",
        "@ckeditor/ckeditor5-ui": "^38.0.1",
        "@ckeditor/ckeditor5-utils": "^38.0.1"
      }
    },
    "@ckeditor/ckeditor5-paste-from-office": {
      "version": "38.0.1",
      "resolved": "https://registry.npmjs.org/@ckeditor/ckeditor5-paste-from-office/-/ckeditor5-paste-from-office-38.0.1.tgz",
      "integrity": "sha512-BRIwDkQhbSUFo4v1HDK02CtfQUFpsgc+nIo1/XBmZXVNksGUr2+Pz2KrtAkblQygU2MsKPzBWtTzT5X2qzgx1Q==",
      "requires": {
        "ckeditor5": "^38.0.1"
      }
    },
    "@ckeditor/ckeditor5-select-all": {
      "version": "38.0.1",
      "resolved": "https://registry.npmjs.org/@ckeditor/ckeditor5-select-all/-/ckeditor5-select-all-38.0.1.tgz",
      "integrity": "sha512-rFkeA27Poa3PzjpBP8f5hiQY0/81yzYDF2Zz6Zfah9yN103A6e+CXUBoo/BfBH6wBDFNJHG7/7sKL99AMJvmLQ==",
      "requires": {
        "@ckeditor/ckeditor5-core": "^38.0.1",
        "@ckeditor/ckeditor5-ui": "^38.0.1",
        "@ckeditor/ckeditor5-utils": "^38.0.1"
      }
    },
    "@ckeditor/ckeditor5-table": {
      "version": "38.0.1",
      "resolved": "https://registry.npmjs.org/@ckeditor/ckeditor5-table/-/ckeditor5-table-38.0.1.tgz",
      "integrity": "sha512-GWlS0EzeEAvGzMjLtydqGvLP1G8OSpR/PDYEzTFzVXTVzWN0P0nI/aCdkLDb/rfRe03Yszb7bKupl9PyK+kDQQ==",
      "requires": {
        "ckeditor5": "^38.0.1",
        "lodash-es": "^4.17.15"
      }
    },
    "@ckeditor/ckeditor5-typing": {
      "version": "38.0.1",
      "resolved": "https://registry.npmjs.org/@ckeditor/ckeditor5-typing/-/ckeditor5-typing-38.0.1.tgz",
      "integrity": "sha512-717JKThNYRkLxH4L/5AGDqexFc8L2rvkFMbflQSvGRhPpl5d40o+DAduTENkMN0WWuFTovAYDjEwMrjjbUKO7w==",
      "requires": {
        "@ckeditor/ckeditor5-core": "^38.0.1",
        "@ckeditor/ckeditor5-engine": "^38.0.1",
        "@ckeditor/ckeditor5-utils": "^38.0.1",
        "lodash-es": "^4.17.15"
      }
    },
    "@ckeditor/ckeditor5-ui": {
      "version": "38.0.1",
      "resolved": "https://registry.npmjs.org/@ckeditor/ckeditor5-ui/-/ckeditor5-ui-38.0.1.tgz",
      "integrity": "sha512-7ufB/DkIkkJDFAmSMVc5FgohxLs02+s2KAAlIoCopA+6nPTnJEQjIoHgFaqB28QTW6C9z5VSE21lpHwz+zb/fg==",
      "requires": {
        "@ckeditor/ckeditor5-core": "^38.0.1",
        "@ckeditor/ckeditor5-utils": "^38.0.1",
        "color-convert": "2.0.1",
        "color-parse": "1.4.2",
        "lodash-es": "^4.17.15",
        "vanilla-colorful": "0.7.2"
      }
    },
    "@ckeditor/ckeditor5-undo": {
      "version": "38.0.1",
      "resolved": "https://registry.npmjs.org/@ckeditor/ckeditor5-undo/-/ckeditor5-undo-38.0.1.tgz",
      "integrity": "sha512-nd6jlycoNYguJpiLEqc5wzFV6VE7y2Bieop9pn//ak0uiTHuup81sZH3aHCw2c/2Qq46O8k5eqoYgeB1Pm2+WQ==",
      "requires": {
        "@ckeditor/ckeditor5-core": "^38.0.1",
        "@ckeditor/ckeditor5-engine": "^38.0.1",
        "@ckeditor/ckeditor5-ui": "^38.0.1"
      }
    },
    "@ckeditor/ckeditor5-upload": {
      "version": "38.0.1",
      "resolved": "https://registry.npmjs.org/@ckeditor/ckeditor5-upload/-/ckeditor5-upload-38.0.1.tgz",
      "integrity": "sha512-vwcs5DZcjDW3ynnCVMXjHWCpLBZ9r544tlo5Gbe287X253vMAse2DDJ9pD9KYqPv1k3QNGaKRa4CtjuKarpUWw==",
      "requires": {
        "@ckeditor/ckeditor5-core": "^38.0.1",
        "@ckeditor/ckeditor5-ui": "^38.0.1",
        "@ckeditor/ckeditor5-utils": "^38.0.1"
      }
    },
    "@ckeditor/ckeditor5-utils": {
      "version": "38.0.1",
      "resolved": "https://registry.npmjs.org/@ckeditor/ckeditor5-utils/-/ckeditor5-utils-38.0.1.tgz",
      "integrity": "sha512-biJ7yBUSumPDPq14FvZFW4+lHD2LfcZLWgJ7KesoseSOo2BgXAznUGozndEgeHYlnevs9bJAjQOGlTd5bYOW0w==",
      "requires": {
        "lodash-es": "^4.17.15"
      }
    },
    "@ckeditor/ckeditor5-watchdog": {
      "version": "38.0.1",
      "resolved": "https://registry.npmjs.org/@ckeditor/ckeditor5-watchdog/-/ckeditor5-watchdog-38.0.1.tgz",
      "integrity": "sha512-Q2QeUbDpoA4gIYpd0BicnP0k7ZxuY09x6+8AYNG45xI9NvcFhyyry/dw41AwFmqcZbU3NfPxV47vJzIQ2ZOqQg==",
      "requires": {
        "lodash-es": "^4.17.15"
      }
    },
    "@ckeditor/ckeditor5-widget": {
      "version": "38.0.1",
      "resolved": "https://registry.npmjs.org/@ckeditor/ckeditor5-widget/-/ckeditor5-widget-38.0.1.tgz",
      "integrity": "sha512-2XxSXzS9doFWGX7Lb5U5+sLr6tJQOUP17lGBC2PwaNPfZWTk73ibq3vUlboAJJB5Hv3JrIa971KH6rcFIdr1Hg==",
      "requires": {
        "@ckeditor/ckeditor5-core": "^38.0.1",
        "@ckeditor/ckeditor5-engine": "^38.0.1",
        "@ckeditor/ckeditor5-enter": "^38.0.1",
        "@ckeditor/ckeditor5-typing": "^38.0.1",
        "@ckeditor/ckeditor5-ui": "^38.0.1",
        "@ckeditor/ckeditor5-utils": "^38.0.1",
        "lodash-es": "^4.17.15"
      }
    },
    "ckeditor5": {
      "version": "38.0.1",
      "resolved": "https://registry.npmjs.org/ckeditor5/-/ckeditor5-38.0.1.tgz",
      "integrity": "sha512-r1axtjYlQZxcyWyF9vbiPiZYZSYBd40ITlo6gC7L5bOLSlFNreEif7b7IRKg4e5aGn4c1FopTk7WoLsZ/CnSoA==",
      "requires": {
        "@ckeditor/ckeditor5-clipboard": "^38.0.1",
        "@ckeditor/ckeditor5-core": "^38.0.1",
        "@ckeditor/ckeditor5-engine": "^38.0.1",
        "@ckeditor/ckeditor5-enter": "^38.0.1",
        "@ckeditor/ckeditor5-paragraph": "^38.0.1",
        "@ckeditor/ckeditor5-select-all": "^38.0.1",
        "@ckeditor/ckeditor5-typing": "^38.0.1",
        "@ckeditor/ckeditor5-ui": "^38.0.1",
        "@ckeditor/ckeditor5-undo": "^38.0.1",
        "@ckeditor/ckeditor5-upload": "^38.0.1",
        "@ckeditor/ckeditor5-utils": "^38.0.1",
        "@ckeditor/ckeditor5-watchdog": "^38.0.1",
        "@ckeditor/ckeditor5-widget": "^38.0.1"
      }
    },
    "color-convert": {
      "version": "2.0.1",
      "resolved": "https://registry.npmjs.org/color-convert/-/color-convert-2.0.1.tgz",
      "integrity": "sha512-RRECPsj7iu/xb5oKYcsFHSppFNnsj/52OVTRKb4zP5onXwVF3zVmmToNcOfGC+CRDpfK/U584fMg38ZHCaElKQ==",
      "requires": {
        "color-name": "~1.1.4"
      }
    },
    "color-name": {
      "version": "1.1.4",
      "resolved": "https://registry.npmjs.org/color-name/-/color-name-1.1.4.tgz",
      "integrity": "sha512-dOy+3AuW3a2wNbZHIuMZpTcgjGuLU/uBL/ubcZF9OXbDo8ff4O8yVp5Bf0efS8uEoYo5q4Fx7dY9OgQGXgAsQA=="
    },
    "color-parse": {
      "version": "1.4.2",
      "resolved": "https://registry.npmjs.org/color-parse/-/color-parse-1.4.2.tgz",
      "integrity": "sha512-RI7s49/8yqDj3fECFZjUI1Yi0z/Gq1py43oNJivAIIDSyJiOZLfYCRQEgn8HEVAj++PcRe8AnL2XF0fRJ3BTnA==",
      "requires": {
        "color-name": "^1.0.0"
      }
    },
    "lodash-es": {
      "version": "4.17.21",
      "resolved": "https://registry.npmjs.org/lodash-es/-/lodash-es-4.17.21.tgz",
      "integrity": "sha512-mKnC+QJ9pWVzv+C4/U3rRsHapFfHvQFoFB92e52xeyGMcX6/OlIl78je1u8vePzYZSkkogMPJ2yjxxsb89cxyw=="
    },
    "vanilla-colorful": {
      "version": "0.7.2",
      "resolved": "https://registry.npmjs.org/vanilla-colorful/-/vanilla-colorful-0.7.2.tgz",
      "integrity": "sha512-z2YZusTFC6KnLERx1cgoIRX2CjPRP0W75N+3CC6gbvdX5Ch47rZkEMGO2Xnf+IEmi3RiFLxS18gayMA27iU7Kg=="
    }
  }
}
