
Microsoft Visual Studio Solution File, Format Version 12.00
# Visual Studio Version 17
VisualStudioVersion = 17.5.33516.290
MinimumVisualStudioVersion = 10.0.40219.1
Project("{FAE04EC0-301F-11D3-BF4B-00C04F79EFBC}") = "Data", "Data\Data.csproj", "{D6EEC4F9-A545-4F70-878E-58769403798B}"
EndProject
Global
	GlobalSection(SolutionConfigurationPlatforms) = preSolution
		Debug|Any CPU = Debug|Any CPU
		Release|Any CPU = Release|Any CPU
	EndGlobalSection
	GlobalSection(ProjectConfigurationPlatforms) = postSolution
		{D6EEC4F9-A545-4F70-878E-58769403798B}.Debug|Any CPU.ActiveCfg = Debug|Any CPU
		{D6EEC4F9-A545-4F70-878E-58769403798B}.Debug|Any CPU.Build.0 = Debug|Any CPU
		{D6EEC4F9-A545-4F70-878E-58769403798B}.Release|Any CPU.ActiveCfg = Release|Any CPU
		{D6EEC4F9-A545-4F70-878E-58769403798B}.Release|Any CPU.Build.0 = Release|Any CPU
	EndGlobalSection
	GlobalSection(SolutionProperties) = preSolution
		HideSolutionNode = FALSE
	EndGlobalSection
	GlobalSection(ExtensibilityGlobals) = postSolution
		SolutionGuid = {BDFF3956-6BB9-4A9E-9B23-60C33F26164E}
	EndGlobalSection
EndGlobal
