
Microsoft Visual Studio Solution File, Format Version 12.00
# Visual Studio Version 17
VisualStudioVersion = 17.5.33516.290
MinimumVisualStudioVersion = 10.0.40219.1
Project("{9A19103F-16F7-4668-BE54-9A1E7A4F7556}") = "BaseProject.Data", "Data\BaseProject.Data.csproj", "{D6EEC4F9-A545-4F70-878E-58769403798B}"
EndProject
Project("{2150E333-8FDC-42A3-9474-1A3956D46DE8}") = "Solution Items", "Solution Items", "{3A182540-E483-4A29-944C-9C1AF80C38EB}"
	ProjectSection(SolutionItems) = preProject
		.editorconfig = .editorconfig
	EndProjectSection
EndProject
Project("{FAE04EC0-301F-11D3-BF4B-00C04F79EFBC}") = "BaseProject.Application", "BaseProject.Application\BaseProject.Application.csproj", "{A2C01105-6E26-42C0-9B8F-4BD65CE7A1CD}"
EndProject
Project("{FAE04EC0-301F-11D3-BF4B-00C04F79EFBC}") = "BaseProject.ViewModels", "BaseProject.ViewModels\BaseProject.ViewModels.csproj", "{9375BD45-BE24-4857-B7C5-E33E2AC8770C}"
EndProject
Global
	GlobalSection(SolutionConfigurationPlatforms) = preSolution
		Debug|Any CPU = Debug|Any CPU
		Release|Any CPU = Release|Any CPU
	EndGlobalSection
	GlobalSection(ProjectConfigurationPlatforms) = postSolution
		{D6EEC4F9-A545-4F70-878E-58769403798B}.Debug|Any CPU.ActiveCfg = Debug|Any CPU
		{D6EEC4F9-A545-4F70-878E-58769403798B}.Debug|Any CPU.Build.0 = Debug|Any CPU
		{D6EEC4F9-A545-4F70-878E-58769403798B}.Release|Any CPU.ActiveCfg = Release|Any CPU
		{D6EEC4F9-A545-4F70-878E-58769403798B}.Release|Any CPU.Build.0 = Release|Any CPU
		{A2C01105-6E26-42C0-9B8F-4BD65CE7A1CD}.Debug|Any CPU.ActiveCfg = Debug|Any CPU
		{A2C01105-6E26-42C0-9B8F-4BD65CE7A1CD}.Debug|Any CPU.Build.0 = Debug|Any CPU
		{A2C01105-6E26-42C0-9B8F-4BD65CE7A1CD}.Release|Any CPU.ActiveCfg = Release|Any CPU
		{A2C01105-6E26-42C0-9B8F-4BD65CE7A1CD}.Release|Any CPU.Build.0 = Release|Any CPU
		{9375BD45-BE24-4857-B7C5-E33E2AC8770C}.Debug|Any CPU.ActiveCfg = Debug|Any CPU
		{9375BD45-BE24-4857-B7C5-E33E2AC8770C}.Debug|Any CPU.Build.0 = Debug|Any CPU
		{9375BD45-BE24-4857-B7C5-E33E2AC8770C}.Release|Any CPU.ActiveCfg = Release|Any CPU
		{9375BD45-BE24-4857-B7C5-E33E2AC8770C}.Release|Any CPU.Build.0 = Release|Any CPU
	EndGlobalSection
	GlobalSection(SolutionProperties) = preSolution
		HideSolutionNode = FALSE
	EndGlobalSection
	GlobalSection(ExtensibilityGlobals) = postSolution
		SolutionGuid = {BDFF3956-6BB9-4A9E-9B23-60C33F26164E}
	EndGlobalSection
EndGlobal
